<?xml version="1.0" encoding="utf-8"?>
<Project ToolsVersion="4.0" xmlns="http://schemas.microsoft.com/developer/msbuild/2003">
  <ItemGroup>
    <Filter Include="Source Files">
      <UniqueIdentifier>{4FC737F1-C7A5-4376-A066-2A32D752A2FF}</UniqueIdentifier>
      <Extensions>cpp;c;cc;cxx;def;odl;idl;hpj;bat;asm;asmx</Extensions>
    </Filter>
    <Filter Include="Header Files">
      <UniqueIdentifier>{93995380-89BD-4b04-88EB-625FBE52EBFB}</UniqueIdentifier>
      <Extensions>h;hpp;hxx;hm;inl;inc;xsd</Extensions>
    </Filter>
  </ItemGroup>
  <ItemGroup>
    <ClInclude Include="include\reg_field.h">
      <Filter>Header Files</Filter>
    </ClInclude>
    <ClInclude Include="include\rtl-sdr.h">
      <Filter>Header Files</Filter>
    </ClInclude>
    <ClInclude Include="include\rtl-sdr_export.h">
      <Filter>Header Files</Filter>
    </ClInclude>
    <ClInclude Include="include\rtlsdr_i2c.h">
      <Filter>Header Files</Filter>
    </ClInclude>
    <ClInclude Include="include\tuner_e4k.h">
      <Filter>Header Files</Filter>
    </ClInclude>
    <ClInclude Include="include\tuner_fc0012.h">
      <Filter>Header Files</Filter>
    </ClInclude>
    <ClInclude Include="include\tuner_fc0013.h">
      <Filter>Header Files</Filter>
    </ClInclude>
    <ClInclude Include="include\tuner_fc2580.h">
      <Filter>Header Files</Filter>
    </ClInclude>
    <ClInclude Include="include\tuner_r820t.h">
      <Filter>Header Files</Filter>
    </ClInclude>
  </ItemGroup>
  <ItemGroup>
    <ClCompile Include="src\librtlsdr.c">
      <Filter>Source Files</Filter>
    </ClCompile>
    <ClCompile Include="src\tuner_e4k.c">
      <Filter>Source Files</Filter>
    </ClCompile>
    <ClCompile Include="src\tuner_fc0012.c">
      <Filter>Source Files</Filter>
    </ClCompile>
    <ClCompile Include="src\tuner_fc0013.c">
      <Filter>Source Files</Filter>
    </ClCompile>
    <ClCompile Include="src\tuner_fc2580.c">
      <Filter>Source Files</Filter>
    </ClCompile>
    <ClCompile Include="src\tuner_r820t.c">
      <Filter>Source Files</Filter>
    </ClCompile>
  </ItemGroup>
</Project>